
Microsoft Visual Studio Solution File, Format Version 12.00
# Visual Studio Version 17
VisualStudioVersion = 17.4.33213.308
MinimumVisualStudioVersion = 10.0.40219.1
Project("{FAE04EC0-301F-11D3-BF4B-00C04F79EFBC}") = "App.LearningManagement", "App.LearningManagement\App.LearningManagement.csproj", "{03E60C78-11A5-48D1-9E53-B3805E42F7F5}"
EndProject
Project("{FAE04EC0-301F-11D3-BF4B-00C04F79EFBC}") = "Library.LearningManagement", "Library.LearningManagement\Library.LearningManagement.csproj", "{887D1826-E646-48FC-B790-A89C364612A7}"
EndProject
Global
	GlobalSection(SolutionConfigurationPlatforms) = preSolution
		Debug|Any CPU = Debug|Any CPU
		Release|Any CPU = Release|Any CPU
	EndGlobalSection
	GlobalSection(ProjectConfigurationPlatforms) = postSolution
		{03E60C78-11A5-48D1-9E53-B3805E42F7F5}.Debug|Any CPU.ActiveCfg = Debug|Any CPU
		{03E60C78-11A5-48D1-9E53-B3805E42F7F5}.Debug|Any CPU.Build.0 = Debug|Any CPU
		{03E60C78-11A5-48D1-9E53-B3805E42F7F5}.Release|Any CPU.ActiveCfg = Release|Any CPU
		{03E60C78-11A5-48D1-9E53-B3805E42F7F5}.Release|Any CPU.Build.0 = Release|Any CPU
		{887D1826-E646-48FC-B790-A89C364612A7}.Debug|Any CPU.ActiveCfg = Debug|Any CPU
		{887D1826-E646-48FC-B790-A89C364612A7}.Debug|Any CPU.Build.0 = Debug|Any CPU
		{887D1826-E646-48FC-B790-A89C364612A7}.Release|Any CPU.ActiveCfg = Release|Any CPU
		{887D1826-E646-48FC-B790-A89C364612A7}.Release|Any CPU.Build.0 = Release|Any CPU
	EndGlobalSection
	GlobalSection(SolutionProperties) = preSolution
		HideSolutionNode = FALSE
	EndGlobalSection
	GlobalSection(ExtensibilityGlobals) = postSolution
		SolutionGuid = {3CED5C2C-0DAC-4D30-89F4-52E27B0EFAE3}
	EndGlobalSection
EndGlobal
